
Microsoft Visual Studio Solution File, Format Version 12.00
# Visual Studio Version 17
VisualStudioVersion = 17.9.34723.18
MinimumVisualStudioVersion = 10.0.40219.1
Project("{FAE04EC0-301F-11D3-BF4B-00C04F79EFBC}") = "ApiTemplate", "ApiTemplate.csproj", "{EDE6ABAF-8680-45AD-9472-66FB9419F39A}"
EndProject
Global
	GlobalSection(SolutionConfigurationPlatforms) = preSolution
		Debug|Any CPU = Debug|Any CPU
		Release|Any CPU = Release|Any CPU
	EndGlobalSection
	GlobalSection(ProjectConfigurationPlatforms) = postSolution
		{EDE6ABAF-8680-45AD-9472-66FB9419F39A}.Debug|Any CPU.ActiveCfg = Debug|Any CPU
		{EDE6ABAF-8680-45AD-9472-66FB9419F39A}.Debug|Any CPU.Build.0 = Debug|Any CPU
		{EDE6ABAF-8680-45AD-9472-66FB9419F39A}.Release|Any CPU.ActiveCfg = Release|Any CPU
		{EDE6ABAF-8680-45AD-9472-66FB9419F39A}.Release|Any CPU.Build.0 = Release|Any CPU
	EndGlobalSection
	GlobalSection(SolutionProperties) = preSolution
		HideSolutionNode = FALSE
	EndGlobalSection
	GlobalSection(ExtensibilityGlobals) = postSolution
		SolutionGuid = {19387844-04CE-4EFB-9144-19A77D51D1DD}
	EndGlobalSection
EndGlobal
